
Microsoft Visual Studio Solution File, Format Version 12.00
# Visual Studio Version 16
VisualStudioVersion = 16.0.30907.101
MinimumVisualStudioVersion = 10.0.40219.1
Project("{9A19103F-16F7-4668-BE54-9A1E7A4F7556}") = "GildedRoseKata", "GildedRoseKata\GildedRoseKata.csproj", "{9041863B-5CE3-46F7-BE85-92CA5345712F}"
EndProject
Global
	GlobalSection(SolutionConfigurationPlatforms) = preSolution
		Debug|Any CPU = Debug|Any CPU
		Release|Any CPU = Release|Any CPU
	EndGlobalSection
	GlobalSection(ProjectConfigurationPlatforms) = postSolution
		{9041863B-5CE3-46F7-BE85-92CA5345712F}.Debug|Any CPU.ActiveCfg = Debug|Any CPU
		{9041863B-5CE3-46F7-BE85-92CA5345712F}.Debug|Any CPU.Build.0 = Debug|Any CPU
		{9041863B-5CE3-46F7-BE85-92CA5345712F}.Release|Any CPU.ActiveCfg = Release|Any CPU
		{9041863B-5CE3-46F7-BE85-92CA5345712F}.Release|Any CPU.Build.0 = Release|Any CPU
	EndGlobalSection
	GlobalSection(SolutionProperties) = preSolution
		HideSolutionNode = FALSE
	EndGlobalSection
	GlobalSection(ExtensibilityGlobals) = postSolution
		SolutionGuid = {18E7C4BC-76E3-4648-A55D-0B9045962181}
	EndGlobalSection
EndGlobal
